// !$*UTF8*$!
{
	archiveVersion = 1;
	classes = {
	};
	objectVersion = 46;
	objects = {

/* Begin PBXBuildFile section */
		490875931A9709EC00BA5338 /* main.m in Sources */ = {isa = PBXBuildFile; fileRef = 490875921A9709EC00BA5338 /* main.m */; };
		490875961A9709EC00BA5338 /* AppDelegate.m in Sources */ = {isa = PBXBuildFile; fileRef = 490875951A9709EC00BA5338 /* AppDelegate.m */; };
		490875991A9709EC00BA5338 /* Intellibins.xcdatamodeld in Sources */ = {isa = PBXBuildFile; fileRef = 490875971A9709EC00BA5338 /* Intellibins.xcdatamodeld */; };
		4908759F1A9709EC00BA5338 /* Main.storyboard in Resources */ = {isa = PBXBuildFile; fileRef = 4908759D1A9709EC00BA5338 /* Main.storyboard */; };
		490875A11A9709EC00BA5338 /* Images.xcassets in Resources */ = {isa = PBXBuildFile; fileRef = 490875A01A9709EC00BA5338 /* Images.xcassets */; };
		490875A41A9709EC00BA5338 /* LaunchScreen.xib in Resources */ = {isa = PBXBuildFile; fileRef = 490875A21A9709EC00BA5338 /* LaunchScreen.xib */; };
		490875B01A9709EC00BA5338 /* IntellibinsTests.m in Sources */ = {isa = PBXBuildFile; fileRef = 490875AF1A9709EC00BA5338 /* IntellibinsTests.m */; };
		490875C71A970DFA00BA5338 /* Util.m in Sources */ = {isa = PBXBuildFile; fileRef = 490875C61A970DFA00BA5338 /* Util.m */; };
		490875CF1A970F9C00BA5338 /* MapKit.framework in Frameworks */ = {isa = PBXBuildFile; fileRef = 490875CE1A970F9C00BA5338 /* MapKit.framework */; };
		490875D11A970FDE00BA5338 /* libsqlite3.dylib in Frameworks */ = {isa = PBXBuildFile; fileRef = 490875D01A970FDE00BA5338 /* libsqlite3.dylib */; };
		490875D31A97101A00BA5338 /* CoreLocation.framework in Frameworks */ = {isa = PBXBuildFile; fileRef = 490875D21A97101A00BA5338 /* CoreLocation.framework */; };
		490875D71A97116600BA5338 /* ListViewController.m in Sources */ = {isa = PBXBuildFile; fileRef = 490875D51A97116600BA5338 /* ListViewController.m */; };
		490875D81A97116600BA5338 /* ListViewController.xib in Resources */ = {isa = PBXBuildFile; fileRef = 490875D61A97116600BA5338 /* ListViewController.xib */; };
		490875DC1A97118500BA5338 /* TutorialViewController.m in Sources */ = {isa = PBXBuildFile; fileRef = 490875DA1A97118500BA5338 /* TutorialViewController.m */; };
		490875DD1A97118500BA5338 /* TutorialViewController.xib in Resources */ = {isa = PBXBuildFile; fileRef = 490875DB1A97118500BA5338 /* TutorialViewController.xib */; };
		490875E61A9711B300BA5338 /* BinDetailViewController.m in Sources */ = {isa = PBXBuildFile; fileRef = 490875E41A9711B300BA5338 /* BinDetailViewController.m */; };
		490875E71A9711B300BA5338 /* BinDetailViewController.xib in Resources */ = {isa = PBXBuildFile; fileRef = 490875E51A9711B300BA5338 /* BinDetailViewController.xib */; };
		490875EB1A9711DC00BA5338 /* MapViewController.m in Sources */ = {isa = PBXBuildFile; fileRef = 490875E91A9711DC00BA5338 /* MapViewController.m */; };
		490875EC1A9711DC00BA5338 /* MapViewController.xib in Resources */ = {isa = PBXBuildFile; fileRef = 490875EA1A9711DC00BA5338 /* MapViewController.xib */; };
		490875F41A981EF500BA5338 /* UIKit.framework in Frameworks */ = {isa = PBXBuildFile; fileRef = 490875F31A981EF500BA5338 /* UIKit.framework */; };
		490875F61A981EF900BA5338 /* AVFoundation.framework in Frameworks */ = {isa = PBXBuildFile; fileRef = 490875F51A981EF900BA5338 /* AVFoundation.framework */; };
		490875FA1A9C504900BA5338 /* TutorialViewCell.m in Sources */ = {isa = PBXBuildFile; fileRef = 490875F81A9C504900BA5338 /* TutorialViewCell.m */; };
		4908760C1A9C5C8400BA5338 /* button-hover.png in Resources */ = {isa = PBXBuildFile; fileRef = 490875FD1A9C5C8400BA5338 /* button-hover.png */; };
		4908760D1A9C5C8400BA5338 /* button-hover@2x.png in Resources */ = {isa = PBXBuildFile; fileRef = 490875FE1A9C5C8400BA5338 /* button-hover@2x.png */; };
		4908760E1A9C5C8400BA5338 /* button-hover@3x.png in Resources */ = {isa = PBXBuildFile; fileRef = 490875FF1A9C5C8400BA5338 /* button-hover@3x.png */; };
		4908760F1A9C5C8400BA5338 /* button.png in Resources */ = {isa = PBXBuildFile; fileRef = 490876001A9C5C8400BA5338 /* button.png */; };
		490876101A9C5C8400BA5338 /* button@2x.png in Resources */ = {isa = PBXBuildFile; fileRef = 490876011A9C5C8400BA5338 /* button@2x.png */; };
		490876111A9C5C8400BA5338 /* button@3x.png in Resources */ = {isa = PBXBuildFile; fileRef = 490876021A9C5C8400BA5338 /* button@3x.png */; };
		490876121A9C5C8400BA5338 /* tutorial1.png in Resources */ = {isa = PBXBuildFile; fileRef = 490876031A9C5C8400BA5338 /* tutorial1.png */; };
		490876131A9C5C8400BA5338 /* tutorial1@2x.png in Resources */ = {isa = PBXBuildFile; fileRef = 490876041A9C5C8400BA5338 /* tutorial1@2x.png */; };
		490876141A9C5C8400BA5338 /* tutorial1@3x.png in Resources */ = {isa = PBXBuildFile; fileRef = 490876051A9C5C8400BA5338 /* tutorial1@3x.png */; };
		490876151A9C5C8400BA5338 /* tutorial2.png in Resources */ = {isa = PBXBuildFile; fileRef = 490876061A9C5C8400BA5338 /* tutorial2.png */; };
		490876161A9C5C8400BA5338 /* tutorial2@2x.png in Resources */ = {isa = PBXBuildFile; fileRef = 490876071A9C5C8400BA5338 /* tutorial2@2x.png */; };
		490876171A9C5C8400BA5338 /* tutorial2@3x.png in Resources */ = {isa = PBXBuildFile; fileRef = 490876081A9C5C8400BA5338 /* tutorial2@3x.png */; };
		490876181A9C5C8400BA5338 /* tutorial3.png in Resources */ = {isa = PBXBuildFile; fileRef = 490876091A9C5C8400BA5338 /* tutorial3.png */; };
		490876191A9C5C8400BA5338 /* tutorial3@2x.png in Resources */ = {isa = PBXBuildFile; fileRef = 4908760A1A9C5C8400BA5338 /* tutorial3@2x.png */; };
		4908761A1A9C5C8400BA5338 /* tutorial3@3x.png in Resources */ = {isa = PBXBuildFile; fileRef = 4908760B1A9C5C8400BA5338 /* tutorial3@3x.png */; };
		4908761C1A9C704600BA5338 /* TutorialViewCell.xib in Resources */ = {isa = PBXBuildFile; fileRef = 4908761B1A9C704600BA5338 /* TutorialViewCell.xib */; };
		490876201A9DAD0300BA5338 /* CategoryTableViewCell.m in Sources */ = {isa = PBXBuildFile; fileRef = 4908761E1A9DAD0300BA5338 /* CategoryTableViewCell.m */; };
		490876211A9DAD0300BA5338 /* CategoryTableViewCell.xib in Resources */ = {isa = PBXBuildFile; fileRef = 4908761F1A9DAD0300BA5338 /* CategoryTableViewCell.xib */; };
		490876261A9DB19200BA5338 /* TempItem.m in Sources */ = {isa = PBXBuildFile; fileRef = 490876251A9DB19200BA5338 /* TempItem.m */; };
/* End PBXBuildFile section */

/* Begin PBXContainerItemProxy section */
		490875AA1A9709EC00BA5338 /* PBXContainerItemProxy */ = {
			isa = PBXContainerItemProxy;
			containerPortal = 490875851A9709EC00BA5338 /* Project object */;
			proxyType = 1;
			remoteGlobalIDString = 4908758C1A9709EC00BA5338;
			remoteInfo = Intellibins;
		};
/* End PBXContainerItemProxy section */

/* Begin PBXFileReference section */
		4908758D1A9709EC00BA5338 /* Intellibins.app */ = {isa = PBXFileReference; explicitFileType = wrapper.application; includeInIndex = 0; path = Intellibins.app; sourceTree = BUILT_PRODUCTS_DIR; };
		490875911A9709EC00BA5338 /* Info.plist */ = {isa = PBXFileReference; lastKnownFileType = text.plist.xml; path = Info.plist; sourceTree = "<group>"; };
		490875921A9709EC00BA5338 /* main.m */ = {isa = PBXFileReference; lastKnownFileType = sourcecode.c.objc; path = main.m; sourceTree = "<group>"; };
		490875941A9709EC00BA5338 /* AppDelegate.h */ = {isa = PBXFileReference; lastKnownFileType = sourcecode.c.h; path = AppDelegate.h; sourceTree = "<group>"; };
		490875951A9709EC00BA5338 /* AppDelegate.m */ = {isa = PBXFileReference; lastKnownFileType = sourcecode.c.objc; path = AppDelegate.m; sourceTree = "<group>"; };
		490875981A9709EC00BA5338 /* Intellibins.xcdatamodel */ = {isa = PBXFileReference; lastKnownFileType = wrapper.xcdatamodel; path = Intellibins.xcdatamodel; sourceTree = "<group>"; };
		4908759E1A9709EC00BA5338 /* Base */ = {isa = PBXFileReference; lastKnownFileType = file.storyboard; name = Base; path = Base.lproj/Main.storyboard; sourceTree = "<group>"; };
		490875A01A9709EC00BA5338 /* Images.xcassets */ = {isa = PBXFileReference; lastKnownFileType = folder.assetcatalog; path = Images.xcassets; sourceTree = "<group>"; };
		490875A31A9709EC00BA5338 /* Base */ = {isa = PBXFileReference; lastKnownFileType = file.xib; name = Base; path = Base.lproj/LaunchScreen.xib; sourceTree = "<group>"; };
		490875A91A9709EC00BA5338 /* IntellibinsTests.xctest */ = {isa = PBXFileReference; explicitFileType = wrapper.cfbundle; includeInIndex = 0; path = IntellibinsTests.xctest; sourceTree = BUILT_PRODUCTS_DIR; };
		490875AE1A9709EC00BA5338 /* Info.plist */ = {isa = PBXFileReference; lastKnownFileType = text.plist.xml; path = Info.plist; sourceTree = "<group>"; };
		490875AF1A9709EC00BA5338 /* IntellibinsTests.m */ = {isa = PBXFileReference; lastKnownFileType = sourcecode.c.objc; path = IntellibinsTests.m; sourceTree = "<group>"; };
		490875C51A970DFA00BA5338 /* Util.h */ = {isa = PBXFileReference; fileEncoding = 4; lastKnownFileType = sourcecode.c.h; path = Util.h; sourceTree = "<group>"; };
		490875C61A970DFA00BA5338 /* Util.m */ = {isa = PBXFileReference; fileEncoding = 4; lastKnownFileType = sourcecode.c.objc; path = Util.m; sourceTree = "<group>"; };
		490875CE1A970F9C00BA5338 /* MapKit.framework */ = {isa = PBXFileReference; lastKnownFileType = wrapper.framework; name = MapKit.framework; path = System/Library/Frameworks/MapKit.framework; sourceTree = SDKROOT; };
		490875D01A970FDE00BA5338 /* libsqlite3.dylib */ = {isa = PBXFileReference; lastKnownFileType = "compiled.mach-o.dylib"; name = libsqlite3.dylib; path = usr/lib/libsqlite3.dylib; sourceTree = SDKROOT; };
		490875D21A97101A00BA5338 /* CoreLocation.framework */ = {isa = PBXFileReference; lastKnownFileType = wrapper.framework; name = CoreLocation.framework; path = System/Library/Frameworks/CoreLocation.framework; sourceTree = SDKROOT; };
		490875D41A97116600BA5338 /* ListViewController.h */ = {isa = PBXFileReference; fileEncoding = 4; lastKnownFileType = sourcecode.c.h; name = ListViewController.h; path = Controllers/ListViewController.h; sourceTree = "<group>"; };
		490875D51A97116600BA5338 /* ListViewController.m */ = {isa = PBXFileReference; fileEncoding = 4; lastKnownFileType = sourcecode.c.objc; name = ListViewController.m; path = Controllers/ListViewController.m; sourceTree = "<group>"; };
		490875D61A97116600BA5338 /* ListViewController.xib */ = {isa = PBXFileReference; fileEncoding = 4; lastKnownFileType = file.xib; name = ListViewController.xib; path = Controllers/ListViewController.xib; sourceTree = "<group>"; };
		490875D91A97118500BA5338 /* TutorialViewController.h */ = {isa = PBXFileReference; fileEncoding = 4; lastKnownFileType = sourcecode.c.h; name = TutorialViewController.h; path = Controllers/TutorialViewController.h; sourceTree = "<group>"; };
		490875DA1A97118500BA5338 /* TutorialViewController.m */ = {isa = PBXFileReference; fileEncoding = 4; lastKnownFileType = sourcecode.c.objc; name = TutorialViewController.m; path = Controllers/TutorialViewController.m; sourceTree = "<group>"; };
		490875DB1A97118500BA5338 /* TutorialViewController.xib */ = {isa = PBXFileReference; fileEncoding = 4; lastKnownFileType = file.xib; name = TutorialViewController.xib; path = Controllers/TutorialViewController.xib; sourceTree = "<group>"; };
		490875E31A9711B300BA5338 /* BinDetailViewController.h */ = {isa = PBXFileReference; fileEncoding = 4; lastKnownFileType = sourcecode.c.h; name = BinDetailViewController.h; path = Controllers/BinDetailViewController.h; sourceTree = "<group>"; };
		490875E41A9711B300BA5338 /* BinDetailViewController.m */ = {isa = PBXFileReference; fileEncoding = 4; lastKnownFileType = sourcecode.c.objc; name = BinDetailViewController.m; path = Controllers/BinDetailViewController.m; sourceTree = "<group>"; };
		490875E51A9711B300BA5338 /* BinDetailViewController.xib */ = {isa = PBXFileReference; fileEncoding = 4; lastKnownFileType = file.xib; name = BinDetailViewController.xib; path = Controllers/BinDetailViewController.xib; sourceTree = "<group>"; };
		490875E81A9711DC00BA5338 /* MapViewController.h */ = {isa = PBXFileReference; fileEncoding = 4; lastKnownFileType = sourcecode.c.h; name = MapViewController.h; path = Controllers/MapViewController.h; sourceTree = "<group>"; };
		490875E91A9711DC00BA5338 /* MapViewController.m */ = {isa = PBXFileReference; fileEncoding = 4; lastKnownFileType = sourcecode.c.objc; name = MapViewController.m; path = Controllers/MapViewController.m; sourceTree = "<group>"; };
		490875EA1A9711DC00BA5338 /* MapViewController.xib */ = {isa = PBXFileReference; fileEncoding = 4; lastKnownFileType = file.xib; name = MapViewController.xib; path = Controllers/MapViewController.xib; sourceTree = "<group>"; };
		490875F31A981EF500BA5338 /* UIKit.framework */ = {isa = PBXFileReference; lastKnownFileType = wrapper.framework; name = UIKit.framework; path = System/Library/Frameworks/UIKit.framework; sourceTree = SDKROOT; };
		490875F51A981EF900BA5338 /* AVFoundation.framework */ = {isa = PBXFileReference; lastKnownFileType = wrapper.framework; name = AVFoundation.framework; path = System/Library/Frameworks/AVFoundation.framework; sourceTree = SDKROOT; };
		490875F71A9C504900BA5338 /* TutorialViewCell.h */ = {isa = PBXFileReference; fileEncoding = 4; lastKnownFileType = sourcecode.c.h; name = TutorialViewCell.h; path = Cells/TutorialViewCell.h; sourceTree = "<group>"; };
		490875F81A9C504900BA5338 /* TutorialViewCell.m */ = {isa = PBXFileReference; fileEncoding = 4; lastKnownFileType = sourcecode.c.objc; name = TutorialViewCell.m; path = Cells/TutorialViewCell.m; sourceTree = "<group>"; };
		490875FD1A9C5C8400BA5338 /* button-hover.png */ = {isa = PBXFileReference; lastKnownFileType = image.png; path = "button-hover.png"; sourceTree = "<group>"; };
		490875FE1A9C5C8400BA5338 /* button-hover@2x.png */ = {isa = PBXFileReference; lastKnownFileType = image.png; path = "button-hover@2x.png"; sourceTree = "<group>"; };
		490875FF1A9C5C8400BA5338 /* button-hover@3x.png */ = {isa = PBXFileReference; lastKnownFileType = image.png; path = "button-hover@3x.png"; sourceTree = "<group>"; };
		490876001A9C5C8400BA5338 /* button.png */ = {isa = PBXFileReference; lastKnownFileType = image.png; path = button.png; sourceTree = "<group>"; };
		490876011A9C5C8400BA5338 /* button@2x.png */ = {isa = PBXFileReference; lastKnownFileType = image.png; path = "button@2x.png"; sourceTree = "<group>"; };
		490876021A9C5C8400BA5338 /* button@3x.png */ = {isa = PBXFileReference; lastKnownFileType = image.png; path = "button@3x.png"; sourceTree = "<group>"; };
		490876031A9C5C8400BA5338 /* tutorial1.png */ = {isa = PBXFileReference; lastKnownFileType = image.png; path = tutorial1.png; sourceTree = "<group>"; };
		490876041A9C5C8400BA5338 /* tutorial1@2x.png */ = {isa = PBXFileReference; lastKnownFileType = image.png; path = "tutorial1@2x.png"; sourceTree = "<group>"; };
		490876051A9C5C8400BA5338 /* tutorial1@3x.png */ = {isa = PBXFileReference; lastKnownFileType = image.png; path = "tutorial1@3x.png"; sourceTree = "<group>"; };
		490876061A9C5C8400BA5338 /* tutorial2.png */ = {isa = PBXFileReference; lastKnownFileType = image.png; path = tutorial2.png; sourceTree = "<group>"; };
		490876071A9C5C8400BA5338 /* tutorial2@2x.png */ = {isa = PBXFileReference; lastKnownFileType = image.png; path = "tutorial2@2x.png"; sourceTree = "<group>"; };
		490876081A9C5C8400BA5338 /* tutorial2@3x.png */ = {isa = PBXFileReference; lastKnownFileType = image.png; path = "tutorial2@3x.png"; sourceTree = "<group>"; };
		490876091A9C5C8400BA5338 /* tutorial3.png */ = {isa = PBXFileReference; lastKnownFileType = image.png; path = tutorial3.png; sourceTree = "<group>"; };
		4908760A1A9C5C8400BA5338 /* tutorial3@2x.png */ = {isa = PBXFileReference; lastKnownFileType = image.png; path = "tutorial3@2x.png"; sourceTree = "<group>"; };
		4908760B1A9C5C8400BA5338 /* tutorial3@3x.png */ = {isa = PBXFileReference; lastKnownFileType = image.png; path = "tutorial3@3x.png"; sourceTree = "<group>"; };
		4908761B1A9C704600BA5338 /* TutorialViewCell.xib */ = {isa = PBXFileReference; fileEncoding = 4; lastKnownFileType = file.xib; name = TutorialViewCell.xib; path = Cells/TutorialViewCell.xib; sourceTree = "<group>"; };
		4908761D1A9DAD0300BA5338 /* CategoryTableViewCell.h */ = {isa = PBXFileReference; fileEncoding = 4; lastKnownFileType = sourcecode.c.h; name = CategoryTableViewCell.h; path = Cells/CategoryTableViewCell.h; sourceTree = "<group>"; };
		4908761E1A9DAD0300BA5338 /* CategoryTableViewCell.m */ = {isa = PBXFileReference; fileEncoding = 4; lastKnownFileType = sourcecode.c.objc; name = CategoryTableViewCell.m; path = Cells/CategoryTableViewCell.m; sourceTree = "<group>"; };
		4908761F1A9DAD0300BA5338 /* CategoryTableViewCell.xib */ = {isa = PBXFileReference; fileEncoding = 4; lastKnownFileType = file.xib; name = CategoryTableViewCell.xib; path = Cells/CategoryTableViewCell.xib; sourceTree = "<group>"; };
		490876241A9DB19200BA5338 /* TempItem.h */ = {isa = PBXFileReference; fileEncoding = 4; lastKnownFileType = sourcecode.c.h; name = TempItem.h; path = Models/TempItem.h; sourceTree = "<group>"; };
		490876251A9DB19200BA5338 /* TempItem.m */ = {isa = PBXFileReference; fileEncoding = 4; lastKnownFileType = sourcecode.c.objc; name = TempItem.m; path = Models/TempItem.m; sourceTree = "<group>"; };
/* End PBXFileReference section */

/* Begin PBXFrameworksBuildPhase section */
		4908758A1A9709EC00BA5338 /* Frameworks */ = {
			isa = PBXFrameworksBuildPhase;
			buildActionMask = 2147483647;
			files = (
				490875F61A981EF900BA5338 /* AVFoundation.framework in Frameworks */,
				490875F41A981EF500BA5338 /* UIKit.framework in Frameworks */,
				490875D31A97101A00BA5338 /* CoreLocation.framework in Frameworks */,
				490875D11A970FDE00BA5338 /* libsqlite3.dylib in Frameworks */,
				490875CF1A970F9C00BA5338 /* MapKit.framework in Frameworks */,
			);
			runOnlyForDeploymentPostprocessing = 0;
		};
		490875A61A9709EC00BA5338 /* Frameworks */ = {
			isa = PBXFrameworksBuildPhase;
			buildActionMask = 2147483647;
			files = (
			);
			runOnlyForDeploymentPostprocessing = 0;
		};
/* End PBXFrameworksBuildPhase section */

/* Begin PBXGroup section */
		490875841A9709EC00BA5338 = {
			isa = PBXGroup;
			children = (
				4908758F1A9709EC00BA5338 /* Intellibins */,
				490875AC1A9709EC00BA5338 /* IntellibinsTests */,
				490875CD1A970F8300BA5338 /* Frameworks */,
				4908758E1A9709EC00BA5338 /* Products */,
			);
			sourceTree = "<group>";
		};
		4908758E1A9709EC00BA5338 /* Products */ = {
			isa = PBXGroup;
			children = (
				4908758D1A9709EC00BA5338 /* Intellibins.app */,
				490875A91A9709EC00BA5338 /* IntellibinsTests.xctest */,
			);
			name = Products;
			sourceTree = "<group>";
		};
		4908758F1A9709EC00BA5338 /* Intellibins */ = {
			isa = PBXGroup;
			children = (
				490875BD1A970D6800BA5338 /* Resources */,
				490875941A9709EC00BA5338 /* AppDelegate.h */,
				490875951A9709EC00BA5338 /* AppDelegate.m */,
				490875C51A970DFA00BA5338 /* Util.h */,
				490875C61A970DFA00BA5338 /* Util.m */,
				490875BE1A970D6E00BA5338 /* Models */,
				490875FC1A9C504D00BA5338 /* Cells */,
				490875BC1A970D6300BA5338 /* ViewControllers */,
				4908759D1A9709EC00BA5338 /* Main.storyboard */,
				490875A01A9709EC00BA5338 /* Images.xcassets */,
				490875A21A9709EC00BA5338 /* LaunchScreen.xib */,
				490875971A9709EC00BA5338 /* Intellibins.xcdatamodeld */,
				490875901A9709EC00BA5338 /* Supporting Files */,
			);
			path = Intellibins;
			sourceTree = "<group>";
		};
		490875901A9709EC00BA5338 /* Supporting Files */ = {
			isa = PBXGroup;
			children = (
				490875911A9709EC00BA5338 /* Info.plist */,
				490875921A9709EC00BA5338 /* main.m */,
			);
			name = "Supporting Files";
			sourceTree = "<group>";
		};
		490875AC1A9709EC00BA5338 /* IntellibinsTests */ = {
			isa = PBXGroup;
			children = (
				490875AF1A9709EC00BA5338 /* IntellibinsTests.m */,
				490875AD1A9709EC00BA5338 /* Supporting Files */,
			);
			path = IntellibinsTests;
			sourceTree = "<group>";
		};
		490875AD1A9709EC00BA5338 /* Supporting Files */ = {
			isa = PBXGroup;
			children = (
				490875AE1A9709EC00BA5338 /* Info.plist */,
			);
			name = "Supporting Files";
			sourceTree = "<group>";
		};
		490875BC1A970D6300BA5338 /* ViewControllers */ = {
			isa = PBXGroup;
			children = (
				490875D91A97118500BA5338 /* TutorialViewController.h */,
				490875DA1A97118500BA5338 /* TutorialViewController.m */,
				490875DB1A97118500BA5338 /* TutorialViewController.xib */,
				490875D41A97116600BA5338 /* ListViewController.h */,
				490875D51A97116600BA5338 /* ListViewController.m */,
				490875D61A97116600BA5338 /* ListViewController.xib */,
				490875E81A9711DC00BA5338 /* MapViewController.h */,
				490875E91A9711DC00BA5338 /* MapViewController.m */,
				490875EA1A9711DC00BA5338 /* MapViewController.xib */,
				490875E31A9711B300BA5338 /* BinDetailViewController.h */,
				490875E41A9711B300BA5338 /* BinDetailViewController.m */,
				490875E51A9711B300BA5338 /* BinDetailViewController.xib */,
			);
			name = ViewControllers;
			sourceTree = "<group>";
		};
		490875BD1A970D6800BA5338 /* Resources */ = {
			isa = PBXGroup;
			children = (
				490875FD1A9C5C8400BA5338 /* button-hover.png */,
				490875FE1A9C5C8400BA5338 /* button-hover@2x.png */,
				490875FF1A9C5C8400BA5338 /* button-hover@3x.png */,
				490876001A9C5C8400BA5338 /* button.png */,
				490876011A9C5C8400BA5338 /* button@2x.png */,
				490876021A9C5C8400BA5338 /* button@3x.png */,
				490876031A9C5C8400BA5338 /* tutorial1.png */,
				490876041A9C5C8400BA5338 /* tutorial1@2x.png */,
				490876051A9C5C8400BA5338 /* tutorial1@3x.png */,
				490876061A9C5C8400BA5338 /* tutorial2.png */,
				490876071A9C5C8400BA5338 /* tutorial2@2x.png */,
				490876081A9C5C8400BA5338 /* tutorial2@3x.png */,
				490876091A9C5C8400BA5338 /* tutorial3.png */,
				4908760A1A9C5C8400BA5338 /* tutorial3@2x.png */,
				4908760B1A9C5C8400BA5338 /* tutorial3@3x.png */,
			);
			name = Resources;
			sourceTree = "<group>";
		};
		490875BE1A970D6E00BA5338 /* Models */ = {
			isa = PBXGroup;
			children = (
				490876241A9DB19200BA5338 /* TempItem.h */,
				490876251A9DB19200BA5338 /* TempItem.m */,
			);
			name = Models;
			sourceTree = "<group>";
		};
		490875CD1A970F8300BA5338 /* Frameworks */ = {
			isa = PBXGroup;
			children = (
				490875F51A981EF900BA5338 /* AVFoundation.framework */,
				490875F31A981EF500BA5338 /* UIKit.framework */,
				490875D21A97101A00BA5338 /* CoreLocation.framework */,
				490875D01A970FDE00BA5338 /* libsqlite3.dylib */,
				490875CE1A970F9C00BA5338 /* MapKit.framework */,
			);
			name = Frameworks;
			path = Intellibins;
			sourceTree = "<group>";
		};
		490875FC1A9C504D00BA5338 /* Cells */ = {
			isa = PBXGroup;
			children = (
				490875F71A9C504900BA5338 /* TutorialViewCell.h */,
				490875F81A9C504900BA5338 /* TutorialViewCell.m */,
				4908761B1A9C704600BA5338 /* TutorialViewCell.xib */,
				4908761D1A9DAD0300BA5338 /* CategoryTableViewCell.h */,
				4908761E1A9DAD0300BA5338 /* CategoryTableViewCell.m */,
				4908761F1A9DAD0300BA5338 /* CategoryTableViewCell.xib */,
			);
			name = Cells;
			sourceTree = "<group>";
		};
/* End PBXGroup section */

/* Begin PBXNativeTarget section */
		4908758C1A9709EC00BA5338 /* Intellibins */ = {
			isa = PBXNativeTarget;
			buildConfigurationList = 490875B31A9709EC00BA5338 /* Build configuration list for PBXNativeTarget "Intellibins" */;
			buildPhases = (
				490875891A9709EC00BA5338 /* Sources */,
				4908758A1A9709EC00BA5338 /* Frameworks */,
				4908758B1A9709EC00BA5338 /* Resources */,
			);
			buildRules = (
			);
			dependencies = (
			);
			name = Intellibins;
			productName = Intellibins;
			productReference = 4908758D1A9709EC00BA5338 /* Intellibins.app */;
			productType = "com.apple.product-type.application";
		};
		490875A81A9709EC00BA5338 /* IntellibinsTests */ = {
			isa = PBXNativeTarget;
			buildConfigurationList = 490875B61A9709EC00BA5338 /* Build configuration list for PBXNativeTarget "IntellibinsTests" */;
			buildPhases = (
				490875A51A9709EC00BA5338 /* Sources */,
				490875A61A9709EC00BA5338 /* Frameworks */,
				490875A71A9709EC00BA5338 /* Resources */,
			);
			buildRules = (
			);
			dependencies = (
				490875AB1A9709EC00BA5338 /* PBXTargetDependency */,
			);
			name = IntellibinsTests;
			productName = IntellibinsTests;
			productReference = 490875A91A9709EC00BA5338 /* IntellibinsTests.xctest */;
			productType = "com.apple.product-type.bundle.unit-test";
		};
/* End PBXNativeTarget section */

/* Begin PBXProject section */
		490875851A9709EC00BA5338 /* Project object */ = {
			isa = PBXProject;
			attributes = {
				LastUpgradeCheck = 0610;
				ORGANIZATIONNAME = Intellibins;
				TargetAttributes = {
					4908758C1A9709EC00BA5338 = {
						CreatedOnToolsVersion = 6.1.1;
					};
					490875A81A9709EC00BA5338 = {
						CreatedOnToolsVersion = 6.1.1;
						TestTargetID = 4908758C1A9709EC00BA5338;
					};
				};
			};
			buildConfigurationList = 490875881A9709EC00BA5338 /* Build configuration list for PBXProject "Intellibins" */;
			compatibilityVersion = "Xcode 3.2";
			developmentRegion = English;
			hasScannedForEncodings = 0;
			knownRegions = (
				en,
				Base,
			);
			mainGroup = 490875841A9709EC00BA5338;
			productRefGroup = 4908758E1A9709EC00BA5338 /* Products */;
			projectDirPath = "";
			projectRoot = "";
			targets = (
				4908758C1A9709EC00BA5338 /* Intellibins */,
				490875A81A9709EC00BA5338 /* IntellibinsTests */,
			);
		};
/* End PBXProject section */

/* Begin PBXResourcesBuildPhase section */
		4908758B1A9709EC00BA5338 /* Resources */ = {
			isa = PBXResourcesBuildPhase;
			buildActionMask = 2147483647;
			files = (
				4908760F1A9C5C8400BA5338 /* button.png in Resources */,
				490876191A9C5C8400BA5338 /* tutorial3@2x.png in Resources */,
				490876171A9C5C8400BA5338 /* tutorial2@3x.png in Resources */,
				490876211A9DAD0300BA5338 /* CategoryTableViewCell.xib in Resources */,
				490876111A9C5C8400BA5338 /* button@3x.png in Resources */,
				4908760E1A9C5C8400BA5338 /* button-hover@3x.png in Resources */,
				4908761A1A9C5C8400BA5338 /* tutorial3@3x.png in Resources */,
				490876141A9C5C8400BA5338 /* tutorial1@3x.png in Resources */,
				490876131A9C5C8400BA5338 /* tutorial1@2x.png in Resources */,
				4908760C1A9C5C8400BA5338 /* button-hover.png in Resources */,
				490876181A9C5C8400BA5338 /* tutorial3.png in Resources */,
				4908759F1A9709EC00BA5338 /* Main.storyboard in Resources */,
				490876121A9C5C8400BA5338 /* tutorial1.png in Resources */,
				4908761C1A9C704600BA5338 /* TutorialViewCell.xib in Resources */,
				490875DD1A97118500BA5338 /* TutorialViewController.xib in Resources */,
				4908760D1A9C5C8400BA5338 /* button-hover@2x.png in Resources */,
				490875D81A97116600BA5338 /* ListViewController.xib in Resources */,
				490875A41A9709EC00BA5338 /* LaunchScreen.xib in Resources */,
				490876151A9C5C8400BA5338 /* tutorial2.png in Resources */,
				490875EC1A9711DC00BA5338 /* MapViewController.xib in Resources */,
				490875A11A9709EC00BA5338 /* Images.xcassets in Resources */,
				490876101A9C5C8400BA5338 /* button@2x.png in Resources */,
				490875E71A9711B300BA5338 /* BinDetailViewController.xib in Resources */,
				490876161A9C5C8400BA5338 /* tutorial2@2x.png in Resources */,
			);
			runOnlyForDeploymentPostprocessing = 0;
		};
		490875A71A9709EC00BA5338 /* Resources */ = {
			isa = PBXResourcesBuildPhase;
			buildActionMask = 2147483647;
			files = (
			);
			runOnlyForDeploymentPostprocessing = 0;
		};
/* End PBXResourcesBuildPhase section */

/* Begin PBXSourcesBuildPhase section */
		490875891A9709EC00BA5338 /* Sources */ = {
			isa = PBXSourcesBuildPhase;
			buildActionMask = 2147483647;
			files = (
				490875E61A9711B300BA5338 /* BinDetailViewController.m in Sources */,
				490876201A9DAD0300BA5338 /* CategoryTableViewCell.m in Sources */,
				490875C71A970DFA00BA5338 /* Util.m in Sources */,
				490875961A9709EC00BA5338 /* AppDelegate.m in Sources */,
				490875EB1A9711DC00BA5338 /* MapViewController.m in Sources */,
				490875DC1A97118500BA5338 /* TutorialViewController.m in Sources */,
				490876261A9DB19200BA5338 /* TempItem.m in Sources */,
				490875D71A97116600BA5338 /* ListViewController.m in Sources */,
				490875FA1A9C504900BA5338 /* TutorialViewCell.m in Sources */,
				490875991A9709EC00BA5338 /* Intellibins.xcdatamodeld in Sources */,
				490875931A9709EC00BA5338 /* main.m in Sources */,
			);
			runOnlyForDeploymentPostprocessing = 0;
		};
		490875A51A9709EC00BA5338 /* Sources */ = {
			isa = PBXSourcesBuildPhase;
			buildActionMask = 2147483647;
			files = (
				490875B01A9709EC00BA5338 /* IntellibinsTests.m in Sources */,
			);
			runOnlyForDeploymentPostprocessing = 0;
		};
/* End PBXSourcesBuildPhase section */

/* Begin PBXTargetDependency section */
		490875AB1A9709EC00BA5338 /* PBXTargetDependency */ = {
			isa = PBXTargetDependency;
			target = 4908758C1A9709EC00BA5338 /* Intellibins */;
			targetProxy = 490875AA1A9709EC00BA5338 /* PBXContainerItemProxy */;
		};
/* End PBXTargetDependency section */

/* Begin PBXVariantGroup section */
		4908759D1A9709EC00BA5338 /* Main.storyboard */ = {
			isa = PBXVariantGroup;
			children = (
				4908759E1A9709EC00BA5338 /* Base */,
			);
			name = Main.storyboard;
			sourceTree = "<group>";
		};
		490875A21A9709EC00BA5338 /* LaunchScreen.xib */ = {
			isa = PBXVariantGroup;
			children = (
				490875A31A9709EC00BA5338 /* Base */,
			);
			name = LaunchScreen.xib;
			sourceTree = "<group>";
		};
/* End PBXVariantGroup section */

/* Begin XCBuildConfiguration section */
		490875B11A9709EC00BA5338 /* Debug */ = {
			isa = XCBuildConfiguration;
			buildSettings = {
				ALWAYS_SEARCH_USER_PATHS = NO;
				CLANG_CXX_LANGUAGE_STANDARD = "gnu++0x";
				CLANG_CXX_LIBRARY = "libc++";
				CLANG_ENABLE_MODULES = YES;
				CLANG_ENABLE_OBJC_ARC = YES;
				CLANG_WARN_BOOL_CONVERSION = YES;
				CLANG_WARN_CONSTANT_CONVERSION = YES;
				CLANG_WARN_DIRECT_OBJC_ISA_USAGE = YES_ERROR;
				CLANG_WARN_EMPTY_BODY = YES;
				CLANG_WARN_ENUM_CONVERSION = YES;
				CLANG_WARN_INT_CONVERSION = YES;
				CLANG_WARN_OBJC_ROOT_CLASS = YES_ERROR;
				CLANG_WARN_UNREACHABLE_CODE = YES;
				CLANG_WARN__DUPLICATE_METHOD_MATCH = YES;
				"CODE_SIGN_IDENTITY[sdk=iphoneos*]" = "iPhone Developer";
				COPY_PHASE_STRIP = NO;
				ENABLE_STRICT_OBJC_MSGSEND = YES;
				GCC_C_LANGUAGE_STANDARD = gnu99;
				GCC_DYNAMIC_NO_PIC = NO;
				GCC_OPTIMIZATION_LEVEL = 0;
				GCC_PREPROCESSOR_DEFINITIONS = (
					"DEBUG=1",
					"$(inherited)",
				);
				GCC_SYMBOLS_PRIVATE_EXTERN = NO;
				GCC_WARN_64_TO_32_BIT_CONVERSION = YES;
				GCC_WARN_ABOUT_RETURN_TYPE = YES_ERROR;
				GCC_WARN_UNDECLARED_SELECTOR = YES;
				GCC_WARN_UNINITIALIZED_AUTOS = YES_AGGRESSIVE;
				GCC_WARN_UNUSED_FUNCTION = YES;
				GCC_WARN_UNUSED_VARIABLE = YES;
				IPHONEOS_DEPLOYMENT_TARGET = 8.1;
				MTL_ENABLE_DEBUG_INFO = YES;
				ONLY_ACTIVE_ARCH = YES;
				SDKROOT = iphoneos;
			};
			name = Debug;
		};
		490875B21A9709EC00BA5338 /* Release */ = {
			isa = XCBuildConfiguration;
			buildSettings = {
				ALWAYS_SEARCH_USER_PATHS = NO;
				CLANG_CXX_LANGUAGE_STANDARD = "gnu++0x";
				CLANG_CXX_LIBRARY = "libc++";
				CLANG_ENABLE_MODULES = YES;
				CLANG_ENABLE_OBJC_ARC = YES;
				CLANG_WARN_BOOL_CONVERSION = YES;
				CLANG_WARN_CONSTANT_CONVERSION = YES;
				CLANG_WARN_DIRECT_OBJC_ISA_USAGE = YES_ERROR;
				CLANG_WARN_EMPTY_BODY = YES;
				CLANG_WARN_ENUM_CONVERSION = YES;
				CLANG_WARN_INT_CONVERSION = YES;
				CLANG_WARN_OBJC_ROOT_CLASS = YES_ERROR;
				CLANG_WARN_UNREACHABLE_CODE = YES;
				CLANG_WARN__DUPLICATE_METHOD_MATCH = YES;
				"CODE_SIGN_IDENTITY[sdk=iphoneos*]" = "iPhone Developer";
				COPY_PHASE_STRIP = YES;
				ENABLE_NS_ASSERTIONS = NO;
				ENABLE_STRICT_OBJC_MSGSEND = YES;
				GCC_C_LANGUAGE_STANDARD = gnu99;
				GCC_WARN_64_TO_32_BIT_CONVERSION = YES;
				GCC_WARN_ABOUT_RETURN_TYPE = YES_ERROR;
				GCC_WARN_UNDECLARED_SELECTOR = YES;
				GCC_WARN_UNINITIALIZED_AUTOS = YES_AGGRESSIVE;
				GCC_WARN_UNUSED_FUNCTION = YES;
				GCC_WARN_UNUSED_VARIABLE = YES;
				IPHONEOS_DEPLOYMENT_TARGET = 8.1;
				MTL_ENABLE_DEBUG_INFO = NO;
				SDKROOT = iphoneos;
				VALIDATE_PRODUCT = YES;
			};
			name = Release;
		};
		490875B41A9709EC00BA5338 /* Debug */ = {
			isa = XCBuildConfiguration;
			buildSettings = {
				ASSETCATALOG_COMPILER_APPICON_NAME = AppIcon;
				INFOPLIST_FILE = Intellibins/Info.plist;
				IPHONEOS_DEPLOYMENT_TARGET = 6.0;
				LD_RUNPATH_SEARCH_PATHS = "$(inherited) @executable_path/Frameworks";
				PRODUCT_NAME = "$(TARGET_NAME)";
			};
			name = Debug;
		};
		490875B51A9709EC00BA5338 /* Release */ = {
			isa = XCBuildConfiguration;
			buildSettings = {
				ASSETCATALOG_COMPILER_APPICON_NAME = AppIcon;
				INFOPLIST_FILE = Intellibins/Info.plist;
				IPHONEOS_DEPLOYMENT_TARGET = 6.0;
				LD_RUNPATH_SEARCH_PATHS = "$(inherited) @executable_path/Frameworks";
				PRODUCT_NAME = "$(TARGET_NAME)";
			};
			name = Release;
		};
		490875B71A9709EC00BA5338 /* Debug */ = {
			isa = XCBuildConfiguration;
			buildSettings = {
				BUNDLE_LOADER = "$(TEST_HOST)";
				FRAMEWORK_SEARCH_PATHS = (
					"$(SDKROOT)/Developer/Library/Frameworks",
					"$(inherited)",
				);
				GCC_PREPROCESSOR_DEFINITIONS = (
					"DEBUG=1",
					"$(inherited)",
				);
				INFOPLIST_FILE = IntellibinsTests/Info.plist;
				LD_RUNPATH_SEARCH_PATHS = "$(inherited) @executable_path/Frameworks @loader_path/Frameworks";
				PRODUCT_NAME = "$(TARGET_NAME)";
				TEST_HOST = "$(BUILT_PRODUCTS_DIR)/Intellibins.app/Intellibins";
			};
			name = Debug;
		};
		490875B81A9709EC00BA5338 /* Release */ = {
			isa = XCBuildConfiguration;
			buildSettings = {
				BUNDLE_LOADER = "$(TEST_HOST)";
				FRAMEWORK_SEARCH_PATHS = (
					"$(SDKROOT)/Developer/Library/Frameworks",
					"$(inherited)",
				);
				INFOPLIST_FILE = IntellibinsTests/Info.plist;
				LD_RUNPATH_SEARCH_PATHS = "$(inherited) @executable_path/Frameworks @loader_path/Frameworks";
				PRODUCT_NAME = "$(TARGET_NAME)";
				TEST_HOST = "$(BUILT_PRODUCTS_DIR)/Intellibins.app/Intellibins";
			};
			name = Release;
		};
/* End XCBuildConfiguration section */

/* Begin XCConfigurationList section */
		490875881A9709EC00BA5338 /* Build configuration list for PBXProject "Intellibins" */ = {
			isa = XCConfigurationList;
			buildConfigurations = (
				490875B11A9709EC00BA5338 /* Debug */,
				490875B21A9709EC00BA5338 /* Release */,
			);
			defaultConfigurationIsVisible = 0;
			defaultConfigurationName = Release;
		};
		490875B31A9709EC00BA5338 /* Build configuration list for PBXNativeTarget "Intellibins" */ = {
			isa = XCConfigurationList;
			buildConfigurations = (
				490875B41A9709EC00BA5338 /* Debug */,
				490875B51A9709EC00BA5338 /* Release */,
			);
			defaultConfigurationIsVisible = 0;
			defaultConfigurationName = Release;
		};
		490875B61A9709EC00BA5338 /* Build configuration list for PBXNativeTarget "IntellibinsTests" */ = {
			isa = XCConfigurationList;
			buildConfigurations = (
				490875B71A9709EC00BA5338 /* Debug */,
				490875B81A9709EC00BA5338 /* Release */,
			);
			defaultConfigurationIsVisible = 0;
			defaultConfigurationName = Release;
		};
/* End XCConfigurationList section */

/* Begin XCVersionGroup section */
		490875971A9709EC00BA5338 /* Intellibins.xcdatamodeld */ = {
			isa = XCVersionGroup;
			children = (
				490875981A9709EC00BA5338 /* Intellibins.xcdatamodel */,
			);
			currentVersion = 490875981A9709EC00BA5338 /* Intellibins.xcdatamodel */;
			path = Intellibins.xcdatamodeld;
			sourceTree = "<group>";
			versionGroupType = wrapper.xcdatamodel;
		};
/* End XCVersionGroup section */
	};
	rootObject = 490875851A9709EC00BA5338 /* Project object */;
}
